
Microsoft Visual Studio Solution File, Format Version 12.00
# Visual Studio 15
VisualStudioVersion = 15.0.27130.2010
MinimumVisualStudioVersion = 10.0.40219.1
Project("{FAE04EC0-301F-11D3-BF4B-00C04F79EFBC}") = "BackpackingItemBackend", "BackpackingItemBackend\BackpackingItemBackend.csproj", "{4D5A2967-DC5F-4B32-85C5-38867EE779EC}"
EndProject
Global
	GlobalSection(SolutionConfigurationPlatforms) = preSolution
		Debug|Any CPU = Debug|Any CPU
		Release|Any CPU = Release|Any CPU
	EndGlobalSection
	GlobalSection(ProjectConfigurationPlatforms) = postSolution
		{4D5A2967-DC5F-4B32-85C5-38867EE779EC}.Debug|Any CPU.ActiveCfg = Debug|Any CPU
		{4D5A2967-DC5F-4B32-85C5-38867EE779EC}.Debug|Any CPU.Build.0 = Debug|Any CPU
		{4D5A2967-DC5F-4B32-85C5-38867EE779EC}.Release|Any CPU.ActiveCfg = Release|Any CPU
		{4D5A2967-DC5F-4B32-85C5-38867EE779EC}.Release|Any CPU.Build.0 = Release|Any CPU
	EndGlobalSection
	GlobalSection(SolutionProperties) = preSolution
		HideSolutionNode = FALSE
	EndGlobalSection
	GlobalSection(ExtensibilityGlobals) = postSolution
		SolutionGuid = {CE33C8F6-6C44-485A-B2D0-7CF4F395F435}
	EndGlobalSection
EndGlobal
